// !$*UTF8*$!
{
	archiveVersion = 1;
	classes = {
	};
	objectVersion = 56;
	objects = {

/* Begin PBXBuildFile section */
		44431BF92C635E6E002076AF /* Differentiator in Frameworks */ = {isa = PBXBuildFile; productRef = 44431BF82C635E6E002076AF /* Differentiator */; };
		44431BFB2C635E6E002076AF /* RxDataSources in Frameworks */ = {isa = PBXBuildFile; productRef = 44431BFA2C635E6E002076AF /* RxDataSources */; };
		44431BFD2C63BF62002076AF /* ShoppingCollectionViewCell.swift in Sources */ = {isa = PBXBuildFile; fileRef = 44431BFC2C63BF62002076AF /* ShoppingCollectionViewCell.swift */; };
		44431BFF2C63D96B002076AF /* ShoppingTableViewHeaderCellViewModel.swift in Sources */ = {isa = PBXBuildFile; fileRef = 44431BFE2C63D96B002076AF /* ShoppingTableViewHeaderCellViewModel.swift */; };
		44E5D3AA2C5B9D2E008AD8B3 /* AppDelegate.swift in Sources */ = {isa = PBXBuildFile; fileRef = 44E5D3A92C5B9D2E008AD8B3 /* AppDelegate.swift */; };
		44E5D3AC2C5B9D2E008AD8B3 /* SceneDelegate.swift in Sources */ = {isa = PBXBuildFile; fileRef = 44E5D3AB2C5B9D2E008AD8B3 /* SceneDelegate.swift */; };
		44E5D3AE2C5B9D2E008AD8B3 /* PasswordViewController.swift in Sources */ = {isa = PBXBuildFile; fileRef = 44E5D3AD2C5B9D2E008AD8B3 /* PasswordViewController.swift */; };
		44E5D3B32C5B9D2F008AD8B3 /* Assets.xcassets in Resources */ = {isa = PBXBuildFile; fileRef = 44E5D3B22C5B9D2F008AD8B3 /* Assets.xcassets */; };
		44E5D3B62C5B9D2F008AD8B3 /* Base in Resources */ = {isa = PBXBuildFile; fileRef = 44E5D3B52C5B9D2F008AD8B3 /* Base */; };
		44E5D3BE2C5B9E07008AD8B3 /* BaseViewController.swift in Sources */ = {isa = PBXBuildFile; fileRef = 44E5D3BD2C5B9E07008AD8B3 /* BaseViewController.swift */; };
		44E5D3C12C5B9E39008AD8B3 /* RxCocoa in Frameworks */ = {isa = PBXBuildFile; productRef = 44E5D3C02C5B9E39008AD8B3 /* RxCocoa */; };
		44E5D3C32C5B9E39008AD8B3 /* RxSwift in Frameworks */ = {isa = PBXBuildFile; productRef = 44E5D3C22C5B9E39008AD8B3 /* RxSwift */; };
		44E5D3C62C5B9E46008AD8B3 /* SnapKit in Frameworks */ = {isa = PBXBuildFile; productRef = 44E5D3C52C5B9E46008AD8B3 /* SnapKit */; };
		44E5D3C82C5B9F1B008AD8B3 /* SignTextField.swift in Sources */ = {isa = PBXBuildFile; fileRef = 44E5D3C72C5B9F1B008AD8B3 /* SignTextField.swift */; };
		44E5D3CA2C5B9F6C008AD8B3 /* PointButton.swift in Sources */ = {isa = PBXBuildFile; fileRef = 44E5D3C92C5B9F6C008AD8B3 /* PointButton.swift */; };
		44E5D3CE2C5CC460008AD8B3 /* PhoneViewController.swift in Sources */ = {isa = PBXBuildFile; fileRef = 44E5D3CD2C5CC460008AD8B3 /* PhoneViewController.swift */; };
		44E5D3D02C5CE0D1008AD8B3 /* BirthdayViewController.swift in Sources */ = {isa = PBXBuildFile; fileRef = 44E5D3CF2C5CE0D1008AD8B3 /* BirthdayViewController.swift */; };
		44E5D3D32C5D0DD0008AD8B3 /* PasswordViewModel.swift in Sources */ = {isa = PBXBuildFile; fileRef = 44E5D3D22C5D0DD0008AD8B3 /* PasswordViewModel.swift */; };
		44E5D3D62C5D51A5008AD8B3 /* PhoneViewModel.swift in Sources */ = {isa = PBXBuildFile; fileRef = 44E5D3D52C5D51A5008AD8B3 /* PhoneViewModel.swift */; };
		44E5D3D92C5D5B02008AD8B3 /* BirthdayViewModel.swift in Sources */ = {isa = PBXBuildFile; fileRef = 44E5D3D82C5D5B02008AD8B3 /* BirthdayViewModel.swift */; };
		44E5D3DB2C5DFE5D008AD8B3 /* ShoppingViewController.swift in Sources */ = {isa = PBXBuildFile; fileRef = 44E5D3DA2C5DFE5D008AD8B3 /* ShoppingViewController.swift */; };
		44E5D3DE2C5DFE75008AD8B3 /* Model.swift in Sources */ = {isa = PBXBuildFile; fileRef = 44E5D3DD2C5DFE75008AD8B3 /* Model.swift */; };
		44E5D3E12C5E0350008AD8B3 /* RealmSwift in Frameworks */ = {isa = PBXBuildFile; productRef = 44E5D3E02C5E0350008AD8B3 /* RealmSwift */; };
		44E5D3E22C5E035C008AD8B3 /* RealmSwift in Embed Frameworks */ = {isa = PBXBuildFile; productRef = 44E5D3E02C5E0350008AD8B3 /* RealmSwift */; settings = {ATTRIBUTES = (CodeSignOnCopy, ); }; };
		44E5D3E52C5E04F6008AD8B3 /* ShoppingRepository.swift in Sources */ = {isa = PBXBuildFile; fileRef = 44E5D3E42C5E04F6008AD8B3 /* ShoppingRepository.swift */; };
		44E5D3E72C5E0ADD008AD8B3 /* ShoppingViewModel.swift in Sources */ = {isa = PBXBuildFile; fileRef = 44E5D3E62C5E0ADD008AD8B3 /* ShoppingViewModel.swift */; };
		44E5D3E92C5E0CB3008AD8B3 /* ShoppingTableViewHeaderCell.swift in Sources */ = {isa = PBXBuildFile; fileRef = 44E5D3E82C5E0CB3008AD8B3 /* ShoppingTableViewHeaderCell.swift */; };
		44E5D3EB2C5E0CE3008AD8B3 /* Reusable.swift in Sources */ = {isa = PBXBuildFile; fileRef = 44E5D3EA2C5E0CE3008AD8B3 /* Reusable.swift */; };
		44E5D3ED2C5E127D008AD8B3 /* ShoppingTableViewCell.swift in Sources */ = {isa = PBXBuildFile; fileRef = 44E5D3EC2C5E127D008AD8B3 /* ShoppingTableViewCell.swift */; };
		44E5D3EF2C5E2DD0008AD8B3 /* Protocols.swift in Sources */ = {isa = PBXBuildFile; fileRef = 44E5D3EE2C5E2DD0008AD8B3 /* Protocols.swift */; };
		44E5D3F12C5F3BA3008AD8B3 /* ShoppingDetailViewController.swift in Sources */ = {isa = PBXBuildFile; fileRef = 44E5D3F02C5F3BA3008AD8B3 /* ShoppingDetailViewController.swift */; };
		44E5D3F32C5F4256008AD8B3 /* ShoppingDetailViewModel.swift in Sources */ = {isa = PBXBuildFile; fileRef = 44E5D3F22C5F4256008AD8B3 /* ShoppingDetailViewModel.swift */; };
/* End PBXBuildFile section */

/* Begin PBXCopyFilesBuildPhase section */
		44E5D3E32C5E035C008AD8B3 /* Embed Frameworks */ = {
			isa = PBXCopyFilesBuildPhase;
			buildActionMask = 2147483647;
			dstPath = "";
			dstSubfolderSpec = 10;
			files = (
				44E5D3E22C5E035C008AD8B3 /* RealmSwift in Embed Frameworks */,
			);
			name = "Embed Frameworks";
			runOnlyForDeploymentPostprocessing = 0;
		};
/* End PBXCopyFilesBuildPhase section */

/* Begin PBXFileReference section */
		44431BFC2C63BF62002076AF /* ShoppingCollectionViewCell.swift */ = {isa = PBXFileReference; lastKnownFileType = sourcecode.swift; path = ShoppingCollectionViewCell.swift; sourceTree = "<group>"; };
		44431BFE2C63D96B002076AF /* ShoppingTableViewHeaderCellViewModel.swift */ = {isa = PBXFileReference; lastKnownFileType = sourcecode.swift; path = ShoppingTableViewHeaderCellViewModel.swift; sourceTree = "<group>"; };
		44E5D3A62C5B9D2E008AD8B3 /* SeSACRxThreads_Start.app */ = {isa = PBXFileReference; explicitFileType = wrapper.application; includeInIndex = 0; path = SeSACRxThreads_Start.app; sourceTree = BUILT_PRODUCTS_DIR; };
		44E5D3A92C5B9D2E008AD8B3 /* AppDelegate.swift */ = {isa = PBXFileReference; lastKnownFileType = sourcecode.swift; path = AppDelegate.swift; sourceTree = "<group>"; };
		44E5D3AB2C5B9D2E008AD8B3 /* SceneDelegate.swift */ = {isa = PBXFileReference; lastKnownFileType = sourcecode.swift; path = SceneDelegate.swift; sourceTree = "<group>"; };
		44E5D3AD2C5B9D2E008AD8B3 /* PasswordViewController.swift */ = {isa = PBXFileReference; lastKnownFileType = sourcecode.swift; path = PasswordViewController.swift; sourceTree = "<group>"; };
		44E5D3B22C5B9D2F008AD8B3 /* Assets.xcassets */ = {isa = PBXFileReference; lastKnownFileType = folder.assetcatalog; path = Assets.xcassets; sourceTree = "<group>"; };
		44E5D3B52C5B9D2F008AD8B3 /* Base */ = {isa = PBXFileReference; lastKnownFileType = file.storyboard; name = Base; path = Base.lproj/LaunchScreen.storyboard; sourceTree = "<group>"; };
		44E5D3B72C5B9D2F008AD8B3 /* Info.plist */ = {isa = PBXFileReference; lastKnownFileType = text.plist.xml; path = Info.plist; sourceTree = "<group>"; };
		44E5D3BD2C5B9E07008AD8B3 /* BaseViewController.swift */ = {isa = PBXFileReference; lastKnownFileType = sourcecode.swift; path = BaseViewController.swift; sourceTree = "<group>"; };
		44E5D3C72C5B9F1B008AD8B3 /* SignTextField.swift */ = {isa = PBXFileReference; lastKnownFileType = sourcecode.swift; path = SignTextField.swift; sourceTree = "<group>"; };
		44E5D3C92C5B9F6C008AD8B3 /* PointButton.swift */ = {isa = PBXFileReference; lastKnownFileType = sourcecode.swift; path = PointButton.swift; sourceTree = "<group>"; };
		44E5D3CD2C5CC460008AD8B3 /* PhoneViewController.swift */ = {isa = PBXFileReference; lastKnownFileType = sourcecode.swift; path = PhoneViewController.swift; sourceTree = "<group>"; };
		44E5D3CF2C5CE0D1008AD8B3 /* BirthdayViewController.swift */ = {isa = PBXFileReference; lastKnownFileType = sourcecode.swift; path = BirthdayViewController.swift; sourceTree = "<group>"; };
		44E5D3D22C5D0DD0008AD8B3 /* PasswordViewModel.swift */ = {isa = PBXFileReference; lastKnownFileType = sourcecode.swift; path = PasswordViewModel.swift; sourceTree = "<group>"; };
		44E5D3D52C5D51A5008AD8B3 /* PhoneViewModel.swift */ = {isa = PBXFileReference; lastKnownFileType = sourcecode.swift; path = PhoneViewModel.swift; sourceTree = "<group>"; };
		44E5D3D82C5D5B02008AD8B3 /* BirthdayViewModel.swift */ = {isa = PBXFileReference; lastKnownFileType = sourcecode.swift; path = BirthdayViewModel.swift; sourceTree = "<group>"; };
		44E5D3DA2C5DFE5D008AD8B3 /* ShoppingViewController.swift */ = {isa = PBXFileReference; lastKnownFileType = sourcecode.swift; path = ShoppingViewController.swift; sourceTree = "<group>"; };
		44E5D3DD2C5DFE75008AD8B3 /* Model.swift */ = {isa = PBXFileReference; lastKnownFileType = sourcecode.swift; path = Model.swift; sourceTree = "<group>"; };
		44E5D3E42C5E04F6008AD8B3 /* ShoppingRepository.swift */ = {isa = PBXFileReference; lastKnownFileType = sourcecode.swift; path = ShoppingRepository.swift; sourceTree = "<group>"; };
		44E5D3E62C5E0ADD008AD8B3 /* ShoppingViewModel.swift */ = {isa = PBXFileReference; lastKnownFileType = sourcecode.swift; path = ShoppingViewModel.swift; sourceTree = "<group>"; };
		44E5D3E82C5E0CB3008AD8B3 /* ShoppingTableViewHeaderCell.swift */ = {isa = PBXFileReference; lastKnownFileType = sourcecode.swift; path = ShoppingTableViewHeaderCell.swift; sourceTree = "<group>"; };
		44E5D3EA2C5E0CE3008AD8B3 /* Reusable.swift */ = {isa = PBXFileReference; lastKnownFileType = sourcecode.swift; path = Reusable.swift; sourceTree = "<group>"; };
		44E5D3EC2C5E127D008AD8B3 /* ShoppingTableViewCell.swift */ = {isa = PBXFileReference; lastKnownFileType = sourcecode.swift; path = ShoppingTableViewCell.swift; sourceTree = "<group>"; };
		44E5D3EE2C5E2DD0008AD8B3 /* Protocols.swift */ = {isa = PBXFileReference; lastKnownFileType = sourcecode.swift; path = Protocols.swift; sourceTree = "<group>"; };
		44E5D3F02C5F3BA3008AD8B3 /* ShoppingDetailViewController.swift */ = {isa = PBXFileReference; lastKnownFileType = sourcecode.swift; path = ShoppingDetailViewController.swift; sourceTree = "<group>"; };
		44E5D3F22C5F4256008AD8B3 /* ShoppingDetailViewModel.swift */ = {isa = PBXFileReference; lastKnownFileType = sourcecode.swift; path = ShoppingDetailViewModel.swift; sourceTree = "<group>"; };
/* End PBXFileReference section */

/* Begin PBXFrameworksBuildPhase section */
		44E5D3A32C5B9D2E008AD8B3 /* Frameworks */ = {
			isa = PBXFrameworksBuildPhase;
			buildActionMask = 2147483647;
			files = (
				44E5D3E12C5E0350008AD8B3 /* RealmSwift in Frameworks */,
				44431BF92C635E6E002076AF /* Differentiator in Frameworks */,
				44E5D3C62C5B9E46008AD8B3 /* SnapKit in Frameworks */,
				44431BFB2C635E6E002076AF /* RxDataSources in Frameworks */,
				44E5D3C32C5B9E39008AD8B3 /* RxSwift in Frameworks */,
				44E5D3C12C5B9E39008AD8B3 /* RxCocoa in Frameworks */,
			);
			runOnlyForDeploymentPostprocessing = 0;
		};
/* End PBXFrameworksBuildPhase section */

/* Begin PBXGroup section */
		44E5D39D2C5B9D2E008AD8B3 = {
			isa = PBXGroup;
			children = (
				44E5D3A82C5B9D2E008AD8B3 /* SeSACRxThreads_Start */,
				44E5D3A72C5B9D2E008AD8B3 /* Products */,
			);
			sourceTree = "<group>";
		};
		44E5D3A72C5B9D2E008AD8B3 /* Products */ = {
			isa = PBXGroup;
			children = (
				44E5D3A62C5B9D2E008AD8B3 /* SeSACRxThreads_Start.app */,
			);
			name = Products;
			sourceTree = "<group>";
		};
		44E5D3A82C5B9D2E008AD8B3 /* SeSACRxThreads_Start */ = {
			isa = PBXGroup;
			children = (
				44E5D3A92C5B9D2E008AD8B3 /* AppDelegate.swift */,
				44E5D3AB2C5B9D2E008AD8B3 /* SceneDelegate.swift */,
				44E5D3CB2C5B9F8C008AD8B3 /* Utils */,
				44E5D3B22C5B9D2F008AD8B3 /* Assets.xcassets */,
				44E5D3B42C5B9D2F008AD8B3 /* LaunchScreen.storyboard */,
				44E5D3B72C5B9D2F008AD8B3 /* Info.plist */,
				44E5D3D12C5D0DBC008AD8B3 /* Password */,
				44E5D3D42C5D5191008AD8B3 /* Phone */,
				44E5D3D72C5D5AED008AD8B3 /* Birthday */,
				44E5D3DC2C5DFE61008AD8B3 /* Shopping */,
			);
			path = SeSACRxThreads_Start;
			sourceTree = "<group>";
		};
		44E5D3CB2C5B9F8C008AD8B3 /* Utils */ = {
			isa = PBXGroup;
			children = (
				44E5D3BD2C5B9E07008AD8B3 /* BaseViewController.swift */,
				44E5D3EA2C5E0CE3008AD8B3 /* Reusable.swift */,
				44E5D3CC2C5B9F9D008AD8B3 /* CustomView */,
				44E5D3EE2C5E2DD0008AD8B3 /* Protocols.swift */,
			);
			path = Utils;
			sourceTree = "<group>";
		};
		44E5D3CC2C5B9F9D008AD8B3 /* CustomView */ = {
			isa = PBXGroup;
			children = (
				44E5D3C72C5B9F1B008AD8B3 /* SignTextField.swift */,
				44E5D3C92C5B9F6C008AD8B3 /* PointButton.swift */,
			);
			path = CustomView;
			sourceTree = "<group>";
		};
		44E5D3D12C5D0DBC008AD8B3 /* Password */ = {
			isa = PBXGroup;
			children = (
				44E5D3D22C5D0DD0008AD8B3 /* PasswordViewModel.swift */,
				44E5D3AD2C5B9D2E008AD8B3 /* PasswordViewController.swift */,
			);
			path = Password;
			sourceTree = "<group>";
		};
		44E5D3D42C5D5191008AD8B3 /* Phone */ = {
			isa = PBXGroup;
			children = (
				44E5D3D52C5D51A5008AD8B3 /* PhoneViewModel.swift */,
				44E5D3CD2C5CC460008AD8B3 /* PhoneViewController.swift */,
			);
			path = Phone;
			sourceTree = "<group>";
		};
		44E5D3D72C5D5AED008AD8B3 /* Birthday */ = {
			isa = PBXGroup;
			children = (
				44E5D3D82C5D5B02008AD8B3 /* BirthdayViewModel.swift */,
				44E5D3CF2C5CE0D1008AD8B3 /* BirthdayViewController.swift */,
			);
			path = Birthday;
			sourceTree = "<group>";
		};
		44E5D3DC2C5DFE61008AD8B3 /* Shopping */ = {
			isa = PBXGroup;
			children = (
				44E5D3DD2C5DFE75008AD8B3 /* Model.swift */,
				44E5D3E42C5E04F6008AD8B3 /* ShoppingRepository.swift */,
				44E5D3F42C5F4267008AD8B3 /* List */,
				44E5D3F52C5F4287008AD8B3 /* Detail */,
			);
			path = Shopping;
			sourceTree = "<group>";
		};
		44E5D3F42C5F4267008AD8B3 /* List */ = {
			isa = PBXGroup;
			children = (
				44E5D3F62C5F4291008AD8B3 /* ViewModel */,
				44E5D3F72C5F4299008AD8B3 /* View */,
			);
			path = List;
			sourceTree = "<group>";
		};
		44E5D3F52C5F4287008AD8B3 /* Detail */ = {
			isa = PBXGroup;
			children = (
				44E5D3F82C5F429E008AD8B3 /* ViewModel */,
				44E5D3F92C5F42A4008AD8B3 /* View */,
			);
			path = Detail;
			sourceTree = "<group>";
		};
		44E5D3F62C5F4291008AD8B3 /* ViewModel */ = {
			isa = PBXGroup;
			children = (
				44E5D3E62C5E0ADD008AD8B3 /* ShoppingViewModel.swift */,
				44431BFE2C63D96B002076AF /* ShoppingTableViewHeaderCellViewModel.swift */,
			);
			path = ViewModel;
			sourceTree = "<group>";
		};
		44E5D3F72C5F4299008AD8B3 /* View */ = {
			isa = PBXGroup;
			children = (
				44E5D3DA2C5DFE5D008AD8B3 /* ShoppingViewController.swift */,
				44E5D3E82C5E0CB3008AD8B3 /* ShoppingTableViewHeaderCell.swift */,
				44E5D3EC2C5E127D008AD8B3 /* ShoppingTableViewCell.swift */,
				44431BFC2C63BF62002076AF /* ShoppingCollectionViewCell.swift */,
			);
			path = View;
			sourceTree = "<group>";
		};
		44E5D3F82C5F429E008AD8B3 /* ViewModel */ = {
			isa = PBXGroup;
			children = (
				44E5D3F22C5F4256008AD8B3 /* ShoppingDetailViewModel.swift */,
			);
			path = ViewModel;
			sourceTree = "<group>";
		};
		44E5D3F92C5F42A4008AD8B3 /* View */ = {
			isa = PBXGroup;
			children = (
				44E5D3F02C5F3BA3008AD8B3 /* ShoppingDetailViewController.swift */,
			);
			path = View;
			sourceTree = "<group>";
		};
/* End PBXGroup section */

/* Begin PBXNativeTarget section */
		44E5D3A52C5B9D2E008AD8B3 /* SeSACRxThreads_Start */ = {
			isa = PBXNativeTarget;
			buildConfigurationList = 44E5D3BA2C5B9D2F008AD8B3 /* Build configuration list for PBXNativeTarget "SeSACRxThreads_Start" */;
			buildPhases = (
				44E5D3A22C5B9D2E008AD8B3 /* Sources */,
				44E5D3A32C5B9D2E008AD8B3 /* Frameworks */,
				44E5D3A42C5B9D2E008AD8B3 /* Resources */,
				44E5D3E32C5E035C008AD8B3 /* Embed Frameworks */,
			);
			buildRules = (
			);
			dependencies = (
			);
			name = SeSACRxThreads_Start;
			packageProductDependencies = (
				44E5D3C02C5B9E39008AD8B3 /* RxCocoa */,
				44E5D3C22C5B9E39008AD8B3 /* RxSwift */,
				44E5D3C52C5B9E46008AD8B3 /* SnapKit */,
				44E5D3E02C5E0350008AD8B3 /* RealmSwift */,
				44431BF82C635E6E002076AF /* Differentiator */,
				44431BFA2C635E6E002076AF /* RxDataSources */,
			);
			productName = SeSACRxThreads_Start;
			productReference = 44E5D3A62C5B9D2E008AD8B3 /* SeSACRxThreads_Start.app */;
			productType = "com.apple.product-type.application";
		};
/* End PBXNativeTarget section */

/* Begin PBXProject section */
		44E5D39E2C5B9D2E008AD8B3 /* Project object */ = {
			isa = PBXProject;
			attributes = {
				BuildIndependentTargetsInParallel = 1;
				LastSwiftUpdateCheck = 1530;
				LastUpgradeCheck = 1530;
				TargetAttributes = {
					44E5D3A52C5B9D2E008AD8B3 = {
						CreatedOnToolsVersion = 15.3;
					};
				};
			};
			buildConfigurationList = 44E5D3A12C5B9D2E008AD8B3 /* Build configuration list for PBXProject "SeSACRxThreads_Start" */;
			compatibilityVersion = "Xcode 14.0";
			developmentRegion = en;
			hasScannedForEncodings = 0;
			knownRegions = (
				en,
				Base,
			);
			mainGroup = 44E5D39D2C5B9D2E008AD8B3;
			packageReferences = (
				44E5D3BF2C5B9E39008AD8B3 /* XCRemoteSwiftPackageReference "RxSwift" */,
				44E5D3C42C5B9E46008AD8B3 /* XCRemoteSwiftPackageReference "SnapKit" */,
				44E5D3DF2C5E0350008AD8B3 /* XCRemoteSwiftPackageReference "realm-swift" */,
				44431BF72C635E6E002076AF /* XCRemoteSwiftPackageReference "RxDataSources" */,
			);
			productRefGroup = 44E5D3A72C5B9D2E008AD8B3 /* Products */;
			projectDirPath = "";
			projectRoot = "";
			targets = (
				44E5D3A52C5B9D2E008AD8B3 /* SeSACRxThreads_Start */,
			);
		};
/* End PBXProject section */

/* Begin PBXResourcesBuildPhase section */
		44E5D3A42C5B9D2E008AD8B3 /* Resources */ = {
			isa = PBXResourcesBuildPhase;
			buildActionMask = 2147483647;
			files = (
				44E5D3B32C5B9D2F008AD8B3 /* Assets.xcassets in Resources */,
				44E5D3B62C5B9D2F008AD8B3 /* Base in Resources */,
			);
			runOnlyForDeploymentPostprocessing = 0;
		};
/* End PBXResourcesBuildPhase section */

/* Begin PBXSourcesBuildPhase section */
		44E5D3A22C5B9D2E008AD8B3 /* Sources */ = {
			isa = PBXSourcesBuildPhase;
			buildActionMask = 2147483647;
			files = (
				44E5D3EB2C5E0CE3008AD8B3 /* Reusable.swift in Sources */,
				44E5D3E92C5E0CB3008AD8B3 /* ShoppingTableViewHeaderCell.swift in Sources */,
				44E5D3AE2C5B9D2E008AD8B3 /* PasswordViewController.swift in Sources */,
				44E5D3F12C5F3BA3008AD8B3 /* ShoppingDetailViewController.swift in Sources */,
				44E5D3D32C5D0DD0008AD8B3 /* PasswordViewModel.swift in Sources */,
				44E5D3C82C5B9F1B008AD8B3 /* SignTextField.swift in Sources */,
				44E5D3E52C5E04F6008AD8B3 /* ShoppingRepository.swift in Sources */,
				44E5D3CA2C5B9F6C008AD8B3 /* PointButton.swift in Sources */,
				44E5D3BE2C5B9E07008AD8B3 /* BaseViewController.swift in Sources */,
				44E5D3AA2C5B9D2E008AD8B3 /* AppDelegate.swift in Sources */,
				44431BFD2C63BF62002076AF /* ShoppingCollectionViewCell.swift in Sources */,
				44E5D3EF2C5E2DD0008AD8B3 /* Protocols.swift in Sources */,
				44431BFF2C63D96B002076AF /* ShoppingTableViewHeaderCellViewModel.swift in Sources */,
				44E5D3E72C5E0ADD008AD8B3 /* ShoppingViewModel.swift in Sources */,
				44E5D3DE2C5DFE75008AD8B3 /* Model.swift in Sources */,
				44E5D3D92C5D5B02008AD8B3 /* BirthdayViewModel.swift in Sources */,
				44E5D3D02C5CE0D1008AD8B3 /* BirthdayViewController.swift in Sources */,
				44E5D3ED2C5E127D008AD8B3 /* ShoppingTableViewCell.swift in Sources */,
				44E5D3D62C5D51A5008AD8B3 /* PhoneViewModel.swift in Sources */,
				44E5D3AC2C5B9D2E008AD8B3 /* SceneDelegate.swift in Sources */,
				44E5D3F32C5F4256008AD8B3 /* ShoppingDetailViewModel.swift in Sources */,
				44E5D3DB2C5DFE5D008AD8B3 /* ShoppingViewController.swift in Sources */,
				44E5D3CE2C5CC460008AD8B3 /* PhoneViewController.swift in Sources */,
			);
			runOnlyForDeploymentPostprocessing = 0;
		};
/* End PBXSourcesBuildPhase section */

/* Begin PBXVariantGroup section */
		44E5D3B42C5B9D2F008AD8B3 /* LaunchScreen.storyboard */ = {
			isa = PBXVariantGroup;
			children = (
				44E5D3B52C5B9D2F008AD8B3 /* Base */,
			);
			name = LaunchScreen.storyboard;
			sourceTree = "<group>";
		};
/* End PBXVariantGroup section */

/* Begin XCBuildConfiguration section */
		44E5D3B82C5B9D2F008AD8B3 /* Debug */ = {
			isa = XCBuildConfiguration;
			buildSettings = {
				ALWAYS_SEARCH_USER_PATHS = NO;
				ASSETCATALOG_COMPILER_GENERATE_SWIFT_ASSET_SYMBOL_EXTENSIONS = YES;
				CLANG_ANALYZER_NONNULL = YES;
				CLANG_ANALYZER_NUMBER_OBJECT_CONVERSION = YES_AGGRESSIVE;
				CLANG_CXX_LANGUAGE_STANDARD = "gnu++20";
				CLANG_ENABLE_MODULES = YES;
				CLANG_ENABLE_OBJC_ARC = YES;
				CLANG_ENABLE_OBJC_WEAK = YES;
				CLANG_WARN_BLOCK_CAPTURE_AUTORELEASING = YES;
				CLANG_WARN_BOOL_CONVERSION = YES;
				CLANG_WARN_COMMA = YES;
				CLANG_WARN_CONSTANT_CONVERSION = YES;
				CLANG_WARN_DEPRECATED_OBJC_IMPLEMENTATIONS = YES;
				CLANG_WARN_DIRECT_OBJC_ISA_USAGE = YES_ERROR;
				CLANG_WARN_DOCUMENTATION_COMMENTS = YES;
				CLANG_WARN_EMPTY_BODY = YES;
				CLANG_WARN_ENUM_CONVERSION = YES;
				CLANG_WARN_INFINITE_RECURSION = YES;
				CLANG_WARN_INT_CONVERSION = YES;
				CLANG_WARN_NON_LITERAL_NULL_CONVERSION = YES;
				CLANG_WARN_OBJC_IMPLICIT_RETAIN_SELF = YES;
				CLANG_WARN_OBJC_LITERAL_CONVERSION = YES;
				CLANG_WARN_OBJC_ROOT_CLASS = YES_ERROR;
				CLANG_WARN_QUOTED_INCLUDE_IN_FRAMEWORK_HEADER = YES;
				CLANG_WARN_RANGE_LOOP_ANALYSIS = YES;
				CLANG_WARN_STRICT_PROTOTYPES = YES;
				CLANG_WARN_SUSPICIOUS_MOVE = YES;
				CLANG_WARN_UNGUARDED_AVAILABILITY = YES_AGGRESSIVE;
				CLANG_WARN_UNREACHABLE_CODE = YES;
				CLANG_WARN__DUPLICATE_METHOD_MATCH = YES;
				COPY_PHASE_STRIP = NO;
				DEBUG_INFORMATION_FORMAT = dwarf;
				ENABLE_STRICT_OBJC_MSGSEND = YES;
				ENABLE_TESTABILITY = YES;
				ENABLE_USER_SCRIPT_SANDBOXING = YES;
				GCC_C_LANGUAGE_STANDARD = gnu17;
				GCC_DYNAMIC_NO_PIC = NO;
				GCC_NO_COMMON_BLOCKS = YES;
				GCC_OPTIMIZATION_LEVEL = 0;
				GCC_PREPROCESSOR_DEFINITIONS = (
					"DEBUG=1",
					"$(inherited)",
				);
				GCC_WARN_64_TO_32_BIT_CONVERSION = YES;
				GCC_WARN_ABOUT_RETURN_TYPE = YES_ERROR;
				GCC_WARN_UNDECLARED_SELECTOR = YES;
				GCC_WARN_UNINITIALIZED_AUTOS = YES_AGGRESSIVE;
				GCC_WARN_UNUSED_FUNCTION = YES;
				GCC_WARN_UNUSED_VARIABLE = YES;
				IPHONEOS_DEPLOYMENT_TARGET = 17.4;
				LOCALIZATION_PREFERS_STRING_CATALOGS = YES;
				MTL_ENABLE_DEBUG_INFO = INCLUDE_SOURCE;
				MTL_FAST_MATH = YES;
				ONLY_ACTIVE_ARCH = YES;
				SDKROOT = iphoneos;
				SWIFT_ACTIVE_COMPILATION_CONDITIONS = "DEBUG $(inherited)";
				SWIFT_OPTIMIZATION_LEVEL = "-Onone";
			};
			name = Debug;
		};
		44E5D3B92C5B9D2F008AD8B3 /* Release */ = {
			isa = XCBuildConfiguration;
			buildSettings = {
				ALWAYS_SEARCH_USER_PATHS = NO;
				ASSETCATALOG_COMPILER_GENERATE_SWIFT_ASSET_SYMBOL_EXTENSIONS = YES;
				CLANG_ANALYZER_NONNULL = YES;
				CLANG_ANALYZER_NUMBER_OBJECT_CONVERSION = YES_AGGRESSIVE;
				CLANG_CXX_LANGUAGE_STANDARD = "gnu++20";
				CLANG_ENABLE_MODULES = YES;
				CLANG_ENABLE_OBJC_ARC = YES;
				CLANG_ENABLE_OBJC_WEAK = YES;
				CLANG_WARN_BLOCK_CAPTURE_AUTORELEASING = YES;
				CLANG_WARN_BOOL_CONVERSION = YES;
				CLANG_WARN_COMMA = YES;
				CLANG_WARN_CONSTANT_CONVERSION = YES;
				CLANG_WARN_DEPRECATED_OBJC_IMPLEMENTATIONS = YES;
				CLANG_WARN_DIRECT_OBJC_ISA_USAGE = YES_ERROR;
				CLANG_WARN_DOCUMENTATION_COMMENTS = YES;
				CLANG_WARN_EMPTY_BODY = YES;
				CLANG_WARN_ENUM_CONVERSION = YES;
				CLANG_WARN_INFINITE_RECURSION = YES;
				CLANG_WARN_INT_CONVERSION = YES;
				CLANG_WARN_NON_LITERAL_NULL_CONVERSION = YES;
				CLANG_WARN_OBJC_IMPLICIT_RETAIN_SELF = YES;
				CLANG_WARN_OBJC_LITERAL_CONVERSION = YES;
				CLANG_WARN_OBJC_ROOT_CLASS = YES_ERROR;
				CLANG_WARN_QUOTED_INCLUDE_IN_FRAMEWORK_HEADER = YES;
				CLANG_WARN_RANGE_LOOP_ANALYSIS = YES;
				CLANG_WARN_STRICT_PROTOTYPES = YES;
				CLANG_WARN_SUSPICIOUS_MOVE = YES;
				CLANG_WARN_UNGUARDED_AVAILABILITY = YES_AGGRESSIVE;
				CLANG_WARN_UNREACHABLE_CODE = YES;
				CLANG_WARN__DUPLICATE_METHOD_MATCH = YES;
				COPY_PHASE_STRIP = NO;
				DEBUG_INFORMATION_FORMAT = "dwarf-with-dsym";
				ENABLE_NS_ASSERTIONS = NO;
				ENABLE_STRICT_OBJC_MSGSEND = YES;
				ENABLE_USER_SCRIPT_SANDBOXING = YES;
				GCC_C_LANGUAGE_STANDARD = gnu17;
				GCC_NO_COMMON_BLOCKS = YES;
				GCC_WARN_64_TO_32_BIT_CONVERSION = YES;
				GCC_WARN_ABOUT_RETURN_TYPE = YES_ERROR;
				GCC_WARN_UNDECLARED_SELECTOR = YES;
				GCC_WARN_UNINITIALIZED_AUTOS = YES_AGGRESSIVE;
				GCC_WARN_UNUSED_FUNCTION = YES;
				GCC_WARN_UNUSED_VARIABLE = YES;
				IPHONEOS_DEPLOYMENT_TARGET = 17.4;
				LOCALIZATION_PREFERS_STRING_CATALOGS = YES;
				MTL_ENABLE_DEBUG_INFO = NO;
				MTL_FAST_MATH = YES;
				SDKROOT = iphoneos;
				SWIFT_COMPILATION_MODE = wholemodule;
				VALIDATE_PRODUCT = YES;
			};
			name = Release;
		};
		44E5D3BB2C5B9D2F008AD8B3 /* Debug */ = {
			isa = XCBuildConfiguration;
			buildSettings = {
				ASSETCATALOG_COMPILER_APPICON_NAME = AppIcon;
				ASSETCATALOG_COMPILER_GLOBAL_ACCENT_COLOR_NAME = AccentColor;
				CODE_SIGN_STYLE = Automatic;
				CURRENT_PROJECT_VERSION = 1;
				DEVELOPMENT_TEAM = 9M37U587ZT;
				GENERATE_INFOPLIST_FILE = YES;
				INFOPLIST_FILE = SeSACRxThreads_Start/Info.plist;
				INFOPLIST_KEY_UIApplicationSupportsIndirectInputEvents = YES;
				INFOPLIST_KEY_UILaunchStoryboardName = LaunchScreen;
				INFOPLIST_KEY_UISupportedInterfaceOrientations = UIInterfaceOrientationPortrait;
				INFOPLIST_KEY_UISupportedInterfaceOrientations_iPad = UIInterfaceOrientationPortrait;
				IPHONEOS_DEPLOYMENT_TARGET = 16.0;
				LD_RUNPATH_SEARCH_PATHS = (
					"$(inherited)",
					"@executable_path/Frameworks",
				);
				MARKETING_VERSION = 1.0;
				PRODUCT_BUNDLE_IDENTIFIER = "com.daeyunkwon.SeSACRxThreads-Start";
				PRODUCT_NAME = "$(TARGET_NAME)";
				SUPPORTED_PLATFORMS = "iphoneos iphonesimulator";
				SUPPORTS_MACCATALYST = NO;
				SUPPORTS_MAC_DESIGNED_FOR_IPHONE_IPAD = NO;
				SUPPORTS_XR_DESIGNED_FOR_IPHONE_IPAD = NO;
				SWIFT_EMIT_LOC_STRINGS = YES;
				SWIFT_VERSION = 5.0;
				TARGETED_DEVICE_FAMILY = 1;
			};
			name = Debug;
		};
		44E5D3BC2C5B9D2F008AD8B3 /* Release */ = {
			isa = XCBuildConfiguration;
			buildSettings = {
				ASSETCATALOG_COMPILER_APPICON_NAME = AppIcon;
				ASSETCATALOG_COMPILER_GLOBAL_ACCENT_COLOR_NAME = AccentColor;
				CODE_SIGN_STYLE = Automatic;
				CURRENT_PROJECT_VERSION = 1;
				DEVELOPMENT_TEAM = 9M37U587ZT;
				GENERATE_INFOPLIST_FILE = YES;
				INFOPLIST_FILE = SeSACRxThreads_Start/Info.plist;
				INFOPLIST_KEY_UIApplicationSupportsIndirectInputEvents = YES;
				INFOPLIST_KEY_UILaunchStoryboardName = LaunchScreen;
				INFOPLIST_KEY_UISupportedInterfaceOrientations = UIInterfaceOrientationPortrait;
				INFOPLIST_KEY_UISupportedInterfaceOrientations_iPad = UIInterfaceOrientationPortrait;
				IPHONEOS_DEPLOYMENT_TARGET = 16.0;
				LD_RUNPATH_SEARCH_PATHS = (
					"$(inherited)",
					"@executable_path/Frameworks",
				);
				MARKETING_VERSION = 1.0;
				PRODUCT_BUNDLE_IDENTIFIER = "com.daeyunkwon.SeSACRxThreads-Start";
				PRODUCT_NAME = "$(TARGET_NAME)";
				SUPPORTED_PLATFORMS = "iphoneos iphonesimulator";
				SUPPORTS_MACCATALYST = NO;
				SUPPORTS_MAC_DESIGNED_FOR_IPHONE_IPAD = NO;
				SUPPORTS_XR_DESIGNED_FOR_IPHONE_IPAD = NO;
				SWIFT_EMIT_LOC_STRINGS = YES;
				SWIFT_VERSION = 5.0;
				TARGETED_DEVICE_FAMILY = 1;
			};
			name = Release;
		};
/* End XCBuildConfiguration section */

/* Begin XCConfigurationList section */
		44E5D3A12C5B9D2E008AD8B3 /* Build configuration list for PBXProject "SeSACRxThreads_Start" */ = {
			isa = XCConfigurationList;
			buildConfigurations = (
				44E5D3B82C5B9D2F008AD8B3 /* Debug */,
				44E5D3B92C5B9D2F008AD8B3 /* Release */,
			);
			defaultConfigurationIsVisible = 0;
			defaultConfigurationName = Release;
		};
		44E5D3BA2C5B9D2F008AD8B3 /* Build configuration list for PBXNativeTarget "SeSACRxThreads_Start" */ = {
			isa = XCConfigurationList;
			buildConfigurations = (
				44E5D3BB2C5B9D2F008AD8B3 /* Debug */,
				44E5D3BC2C5B9D2F008AD8B3 /* Release */,
			);
			defaultConfigurationIsVisible = 0;
			defaultConfigurationName = Release;
		};
/* End XCConfigurationList section */

/* Begin XCRemoteSwiftPackageReference section */
		44431BF72C635E6E002076AF /* XCRemoteSwiftPackageReference "RxDataSources" */ = {
			isa = XCRemoteSwiftPackageReference;
			repositoryURL = "https://github.com/RxSwiftCommunity/RxDataSources.git";
			requirement = {
				kind = upToNextMajorVersion;
				minimumVersion = 5.0.2;
			};
		};
		44E5D3BF2C5B9E39008AD8B3 /* XCRemoteSwiftPackageReference "RxSwift" */ = {
			isa = XCRemoteSwiftPackageReference;
			repositoryURL = "https://github.com/ReactiveX/RxSwift";
			requirement = {
				kind = upToNextMajorVersion;
				minimumVersion = 6.7.1;
			};
		};
		44E5D3C42C5B9E46008AD8B3 /* XCRemoteSwiftPackageReference "SnapKit" */ = {
			isa = XCRemoteSwiftPackageReference;
			repositoryURL = "https://github.com/SnapKit/SnapKit";
			requirement = {
				kind = upToNextMajorVersion;
				minimumVersion = 5.7.1;
			};
		};
		44E5D3DF2C5E0350008AD8B3 /* XCRemoteSwiftPackageReference "realm-swift" */ = {
			isa = XCRemoteSwiftPackageReference;
			repositoryURL = "https://github.com/realm/realm-swift";
			requirement = {
				kind = exactVersion;
				version = 10.52.1;
			};
		};
/* End XCRemoteSwiftPackageReference section */

/* Begin XCSwiftPackageProductDependency section */
		44431BF82C635E6E002076AF /* Differentiator */ = {
			isa = XCSwiftPackageProductDependency;
			package = 44431BF72C635E6E002076AF /* XCRemoteSwiftPackageReference "RxDataSources" */;
			productName = Differentiator;
		};
		44431BFA2C635E6E002076AF /* RxDataSources */ = {
			isa = XCSwiftPackageProductDependency;
			package = 44431BF72C635E6E002076AF /* XCRemoteSwiftPackageReference "RxDataSources" */;
			productName = RxDataSources;
		};
		44E5D3C02C5B9E39008AD8B3 /* RxCocoa */ = {
			isa = XCSwiftPackageProductDependency;
			package = 44E5D3BF2C5B9E39008AD8B3 /* XCRemoteSwiftPackageReference "RxSwift" */;
			productName = RxCocoa;
		};
		44E5D3C22C5B9E39008AD8B3 /* RxSwift */ = {
			isa = XCSwiftPackageProductDependency;
			package = 44E5D3BF2C5B9E39008AD8B3 /* XCRemoteSwiftPackageReference "RxSwift" */;
			productName = RxSwift;
		};
		44E5D3C52C5B9E46008AD8B3 /* SnapKit */ = {
			isa = XCSwiftPackageProductDependency;
			package = 44E5D3C42C5B9E46008AD8B3 /* XCRemoteSwiftPackageReference "SnapKit" */;
			productName = SnapKit;
		};
		44E5D3E02C5E0350008AD8B3 /* RealmSwift */ = {
			isa = XCSwiftPackageProductDependency;
			package = 44E5D3DF2C5E0350008AD8B3 /* XCRemoteSwiftPackageReference "realm-swift" */;
			productName = RealmSwift;
		};
/* End XCSwiftPackageProductDependency section */
	};
	rootObject = 44E5D39E2C5B9D2E008AD8B3 /* Project object */;
}
